
Microsoft Visual Studio Solution File, Format Version 12.00
# Visual Studio 15
VisualStudioVersion = 15.0.26124.0
MinimumVisualStudioVersion = 15.0.26124.0
Project("{FAE04EC0-301F-11D3-BF4B-00C04F79EFBC}") = "archiver", "archiver\archiver.csproj", "{15A84BC6-DFB7-4392-A39B-C88CA1D50643}"
EndProject
Project("{FAE04EC0-301F-11D3-BF4B-00C04F79EFBC}") = "validator", "validator\validator.csproj", "{C00F511D-E6A1-410D-BF6A-DC705B845814}"
EndProject
Project("{FAE04EC0-301F-11D3-BF4B-00C04F79EFBC}") = "shared", "shared\shared.csproj", "{0972782A-67CD-45D9-A792-10D824EDE3CC}"
EndProject
Global
	GlobalSection(SolutionConfigurationPlatforms) = preSolution
		Debug|Any CPU = Debug|Any CPU
		Debug|x64 = Debug|x64
		Debug|x86 = Debug|x86
		Release|Any CPU = Release|Any CPU
		Release|x64 = Release|x64
		Release|x86 = Release|x86
	EndGlobalSection
	GlobalSection(SolutionProperties) = preSolution
		HideSolutionNode = FALSE
	EndGlobalSection
	GlobalSection(ProjectConfigurationPlatforms) = postSolution
		{15A84BC6-DFB7-4392-A39B-C88CA1D50643}.Debug|Any CPU.ActiveCfg = Debug|Any CPU
		{15A84BC6-DFB7-4392-A39B-C88CA1D50643}.Debug|Any CPU.Build.0 = Debug|Any CPU
		{15A84BC6-DFB7-4392-A39B-C88CA1D50643}.Debug|x64.ActiveCfg = Debug|Any CPU
		{15A84BC6-DFB7-4392-A39B-C88CA1D50643}.Debug|x64.Build.0 = Debug|Any CPU
		{15A84BC6-DFB7-4392-A39B-C88CA1D50643}.Debug|x86.ActiveCfg = Debug|Any CPU
		{15A84BC6-DFB7-4392-A39B-C88CA1D50643}.Debug|x86.Build.0 = Debug|Any CPU
		{15A84BC6-DFB7-4392-A39B-C88CA1D50643}.Release|Any CPU.ActiveCfg = Release|Any CPU
		{15A84BC6-DFB7-4392-A39B-C88CA1D50643}.Release|Any CPU.Build.0 = Release|Any CPU
		{15A84BC6-DFB7-4392-A39B-C88CA1D50643}.Release|x64.ActiveCfg = Release|Any CPU
		{15A84BC6-DFB7-4392-A39B-C88CA1D50643}.Release|x64.Build.0 = Release|Any CPU
		{15A84BC6-DFB7-4392-A39B-C88CA1D50643}.Release|x86.ActiveCfg = Release|Any CPU
		{15A84BC6-DFB7-4392-A39B-C88CA1D50643}.Release|x86.Build.0 = Release|Any CPU
		{C00F511D-E6A1-410D-BF6A-DC705B845814}.Debug|Any CPU.ActiveCfg = Debug|Any CPU
		{C00F511D-E6A1-410D-BF6A-DC705B845814}.Debug|Any CPU.Build.0 = Debug|Any CPU
		{C00F511D-E6A1-410D-BF6A-DC705B845814}.Debug|x64.ActiveCfg = Debug|Any CPU
		{C00F511D-E6A1-410D-BF6A-DC705B845814}.Debug|x64.Build.0 = Debug|Any CPU
		{C00F511D-E6A1-410D-BF6A-DC705B845814}.Debug|x86.ActiveCfg = Debug|Any CPU
		{C00F511D-E6A1-410D-BF6A-DC705B845814}.Debug|x86.Build.0 = Debug|Any CPU
		{C00F511D-E6A1-410D-BF6A-DC705B845814}.Release|Any CPU.ActiveCfg = Release|Any CPU
		{C00F511D-E6A1-410D-BF6A-DC705B845814}.Release|Any CPU.Build.0 = Release|Any CPU
		{C00F511D-E6A1-410D-BF6A-DC705B845814}.Release|x64.ActiveCfg = Release|Any CPU
		{C00F511D-E6A1-410D-BF6A-DC705B845814}.Release|x64.Build.0 = Release|Any CPU
		{C00F511D-E6A1-410D-BF6A-DC705B845814}.Release|x86.ActiveCfg = Release|Any CPU
		{C00F511D-E6A1-410D-BF6A-DC705B845814}.Release|x86.Build.0 = Release|Any CPU
		{0972782A-67CD-45D9-A792-10D824EDE3CC}.Debug|Any CPU.ActiveCfg = Debug|Any CPU
		{0972782A-67CD-45D9-A792-10D824EDE3CC}.Debug|Any CPU.Build.0 = Debug|Any CPU
		{0972782A-67CD-45D9-A792-10D824EDE3CC}.Debug|x64.ActiveCfg = Debug|Any CPU
		{0972782A-67CD-45D9-A792-10D824EDE3CC}.Debug|x64.Build.0 = Debug|Any CPU
		{0972782A-67CD-45D9-A792-10D824EDE3CC}.Debug|x86.ActiveCfg = Debug|Any CPU
		{0972782A-67CD-45D9-A792-10D824EDE3CC}.Debug|x86.Build.0 = Debug|Any CPU
		{0972782A-67CD-45D9-A792-10D824EDE3CC}.Release|Any CPU.ActiveCfg = Release|Any CPU
		{0972782A-67CD-45D9-A792-10D824EDE3CC}.Release|Any CPU.Build.0 = Release|Any CPU
		{0972782A-67CD-45D9-A792-10D824EDE3CC}.Release|x64.ActiveCfg = Release|Any CPU
		{0972782A-67CD-45D9-A792-10D824EDE3CC}.Release|x64.Build.0 = Release|Any CPU
		{0972782A-67CD-45D9-A792-10D824EDE3CC}.Release|x86.ActiveCfg = Release|Any CPU
		{0972782A-67CD-45D9-A792-10D824EDE3CC}.Release|x86.Build.0 = Release|Any CPU
	EndGlobalSection
EndGlobal
